
Microsoft Visual Studio Solution File, Format Version 12.00
# Visual Studio Version 16
VisualStudioVersion = 16.0.32228.343
MinimumVisualStudioVersion = 10.0.40219.1
Project("{FAE04EC0-301F-11D3-BF4B-00C04F79EFBC}") = "NumberLarge", "NumberLarge\NumberLarge.csproj", "{FB53FB72-3AFE-4EB3-9FD2-60FC8F6D57A3}"
EndProject
Global
	GlobalSection(SolutionConfigurationPlatforms) = preSolution
		Debug|Any CPU = Debug|Any CPU
		Release|Any CPU = Release|Any CPU
	EndGlobalSection
	GlobalSection(ProjectConfigurationPlatforms) = postSolution
		{FB53FB72-3AFE-4EB3-9FD2-60FC8F6D57A3}.Debug|Any CPU.ActiveCfg = Debug|Any CPU
		{FB53FB72-3AFE-4EB3-9FD2-60FC8F6D57A3}.Debug|Any CPU.Build.0 = Debug|Any CPU
		{FB53FB72-3AFE-4EB3-9FD2-60FC8F6D57A3}.Release|Any CPU.ActiveCfg = Release|Any CPU
		{FB53FB72-3AFE-4EB3-9FD2-60FC8F6D57A3}.Release|Any CPU.Build.0 = Release|Any CPU
	EndGlobalSection
	GlobalSection(SolutionProperties) = preSolution
		HideSolutionNode = FALSE
	EndGlobalSection
	GlobalSection(ExtensibilityGlobals) = postSolution
		SolutionGuid = {8FC99A90-5944-4892-81E2-B399197F702A}
	EndGlobalSection
EndGlobal
